
Microsoft Visual Studio Solution File, Format Version 12.00
# Visual Studio Version 16
VisualStudioVersion = 16.0.29215.179
MinimumVisualStudioVersion = 10.0.40219.1
Project("{FAE04EC0-301F-11D3-BF4B-00C04F79EFBC}") = "WfdConsole", "WfdConsole.csproj", "{CF5584D4-3A6A-4958-8A2D-0F79D9481A96}"
EndProject
Global
	GlobalSection(SolutionConfigurationPlatforms) = preSolution
		Debug|Any CPU = Debug|Any CPU
		Release|Any CPU = Release|Any CPU
	EndGlobalSection
	GlobalSection(ProjectConfigurationPlatforms) = postSolution
		{CF5584D4-3A6A-4958-8A2D-0F79D9481A96}.Debug|Any CPU.ActiveCfg = Debug|Any CPU
		{CF5584D4-3A6A-4958-8A2D-0F79D9481A96}.Debug|Any CPU.Build.0 = Debug|Any CPU
		{CF5584D4-3A6A-4958-8A2D-0F79D9481A96}.Release|Any CPU.ActiveCfg = Release|Any CPU
		{CF5584D4-3A6A-4958-8A2D-0F79D9481A96}.Release|Any CPU.Build.0 = Release|Any CPU
	EndGlobalSection
	GlobalSection(SolutionProperties) = preSolution
		HideSolutionNode = FALSE
	EndGlobalSection
	GlobalSection(ExtensibilityGlobals) = postSolution
		SolutionGuid = {AA22E302-04FC-4E14-8BD5-D40F51BE23DB}
	EndGlobalSection
EndGlobal
